
Microsoft Visual Studio Solution File, Format Version 12.00
# Visual Studio Version 17
VisualStudioVersion = 17.14.36414.22
MinimumVisualStudioVersion = 10.0.40219.1
Project("{2150E333-8FDC-42A3-9474-1A3956D46DE8}") = "Task0", "Task0", "{36D591C7-65C7-A0D1-1CBC-10CDE441BDC8}"
EndProject
Project("{FAE04EC0-301F-11D3-BF4B-00C04F79EFBC}") = "Tyuiu.FrankK.Sprint0.Task0.V0", "Tyuiu.FrankK.Sprint0.Task0.V0\Tyuiu.FrankK.Sprint0.Task0.V0.csproj", "{BF8ECADF-6DEE-44E7-BB40-204E0F4322F5}"
EndProject
Project("{2150E333-8FDC-42A3-9474-1A3956D46DE8}") = "Task1", "Task1", "{C232F601-7AB9-4DD4-95E3-E7756C03EEC3}"
EndProject
Project("{FAE04EC0-301F-11D3-BF4B-00C04F79EFBC}") = "Tyuiu.FrankK.Sprint0.Task1.V0", "Tyuiu.FrankK.Sprint0.Task1.V0\Tyuiu.FrankK.Sprint0.Task1.V0.csproj", "{708E416A-CCA0-4238-8B6D-B89C757BA3B6}"
EndProject
Project("{2150E333-8FDC-42A3-9474-1A3956D46DE8}") = "Task2", "Task2", "{B967F6B9-038F-4BB6-9012-5EFF0B356FCC}"
EndProject
Project("{FAE04EC0-301F-11D3-BF4B-00C04F79EFBC}") = "Tyuiu.FrankK.Sprint0.Task2.V0", "Tyuiu.FrankK.Sprint0.Task2.V0\Tyuiu.FrankK.Sprint0.Task2.V0.csproj", "{64BF136B-59BA-4AC9-9B30-615093BE0423}"
EndProject
Project("{FAE04EC0-301F-11D3-BF4B-00C04F79EFBC}") = "Tyuiu.FrankK.Sprint0.Task2.V0.Test", "Tyuiu.FrankK.Sprint0.Task2.V0.Test\Tyuiu.FrankK.Sprint0.Task2.V0.Test.csproj", "{766CD05D-5FB9-4BA9-9F64-E929CF74F486}"
EndProject
Project("{FAE04EC0-301F-11D3-BF4B-00C04F79EFBC}") = "Tyuiu.FrankK.Sprint0.Task2.V0.Lib", "Tyuiu.FrankK.Sprint0.Task2.V0.Lib\Tyuiu.FrankK.Sprint0.Task2.V0.Lib.csproj", "{570EB093-6CAF-49D5-AAD8-60E7F69797E2}"
EndProject
Project("{2150E333-8FDC-42A3-9474-1A3956D46DE8}") = "Task3", "Task3", "{1D3451A9-FF12-4ECF-8064-BAB78BBD0075}"
EndProject
Project("{FAE04EC0-301F-11D3-BF4B-00C04F79EFBC}") = "Tyuiu.FrankK.Sprint0.Task3.V0", "Tyuiu.FrankK.Sprint0.Task3.V0\Tyuiu.FrankK.Sprint0.Task3.V0.csproj", "{7B964DDC-3C96-4067-8452-F7A15D53C3C1}"
EndProject
Project("{FAE04EC0-301F-11D3-BF4B-00C04F79EFBC}") = "Tyuiu.FrankK.Sprint0.Task3.V0.Lib", "Tyuiu.FrankK.Sprint0.Task3.V0.Lib\Tyuiu.FrankK.Sprint0.Task3.V0.Lib.csproj", "{7F555850-F558-4775-80EF-128BD7BC6D5E}"
EndProject
Project("{FAE04EC0-301F-11D3-BF4B-00C04F79EFBC}") = "Tyuiu.FrankK.Sprint0.Task3.V0.Test", "Tyuiu.FrankK.Sprint0.Task3.V0.Test\Tyuiu.FrankK.Sprint0.Task3.V0.Test.csproj", "{431F4340-2DBC-4BD6-8D44-FF7FD1A1F315}"
EndProject
Project("{2150E333-8FDC-42A3-9474-1A3956D46DE8}") = "Task4", "Task4", "{77D5123A-7DA9-4279-9AC5-4B5AAF07EAF1}"
EndProject
Project("{FAE04EC0-301F-11D3-BF4B-00C04F79EFBC}") = "Tyuiu.FrankK.Sprint0.Task4.V0", "Tyuiu.FrankK.Sprint0.Task4.V0\Tyuiu.FrankK.Sprint0.Task4.V0.csproj", "{EA4D61CD-3104-4050-8A03-0B49E3031B22}"
EndProject
Project("{FAE04EC0-301F-11D3-BF4B-00C04F79EFBC}") = "Tyuiu.FrankK.Sprint0.Task4.V0.Test", "Tyuiu.FrankK.Sprint0.Task4.V0.Test\Tyuiu.FrankK.Sprint0.Task4.V0.Test.csproj", "{ED5ACB37-0E8F-42F8-A165-7CE424FEBD94}"
EndProject
Project("{FAE04EC0-301F-11D3-BF4B-00C04F79EFBC}") = "Tyuiu.FrankK.Sprint0.Task4.V0.Lib", "Tyuiu.FrankK.Sprint0.Task4.V0.Lib\Tyuiu.FrankK.Sprint0.Task4.V0.Lib.csproj", "{C6D22CA7-B136-47D4-8DD8-DAE5C247E9CE}"
EndProject
Project("{2150E333-8FDC-42A3-9474-1A3956D46DE8}") = "Task5", "Task5", "{0E23C7E9-A5FA-4084-B95D-0EE30AD1886D}"
EndProject
Project("{FAE04EC0-301F-11D3-BF4B-00C04F79EFBC}") = "Tyuiu.FrankK.Sprint0.Task5.V0", "Tyuiu.FrankK.Sprint0.Task5.V0\Tyuiu.FrankK.Sprint0.Task5.V0.csproj", "{7FC81554-C424-4D09-B48F-FD3C56680E35}"
EndProject
Project("{FAE04EC0-301F-11D3-BF4B-00C04F79EFBC}") = "Tyuiu.FrankK.Sprint0.Task5.V0.Lib", "Tyuiu.FrankK.Sprint0.Task5.V0.Lib\Tyuiu.FrankK.Sprint0.Task5.V0.Lib.csproj", "{73AA9359-04DA-4470-86ED-5717949E77BF}"
EndProject
Project("{FAE04EC0-301F-11D3-BF4B-00C04F79EFBC}") = "Tyuiu.FrankK.Sprint0.Task5.V0.Test", "Tyuiu.FrankK.Sprint0.Task5.V0.Test\Tyuiu.FrankK.Sprint0.Task5.V0.Test.csproj", "{40655E29-7A5C-4458-B19E-67E9C25B395C}"
EndProject
Project("{2150E333-8FDC-42A3-9474-1A3956D46DE8}") = "Task6", "Task6", "{EDB9473D-E5BA-40B3-AA73-DBF584F3A53F}"
EndProject
Project("{FAE04EC0-301F-11D3-BF4B-00C04F79EFBC}") = "Tyuiu.FrankK.Sprint0.Task6.V0", "Tyuiu.FrankK.Sprint0.Task6.V0\Tyuiu.FrankK.Sprint0.Task6.V0.csproj", "{07628C05-6B54-4647-98A0-DEC3CA8368B2}"
EndProject
Project("{FAE04EC0-301F-11D3-BF4B-00C04F79EFBC}") = "Tyuiu.FrankK.Sprint0.Task6.V0.Test", "Tyuiu.FrankK.Sprint0.Task6.V0.Test\Tyuiu.FrankK.Sprint0.Task6.V0.Test.csproj", "{D56A000D-7FB5-414C-9389-EFD1ACDCFA93}"
EndProject
Project("{FAE04EC0-301F-11D3-BF4B-00C04F79EFBC}") = "Tyuiu.FrankK.Sprint0.Task6.V0.Lib", "Tyuiu.FrankK.Sprint0.Task6.V0.Lib\Tyuiu.FrankK.Sprint0.Task6.V0.Lib.csproj", "{D307F0A3-92EC-4C12-A4A5-3757154BB795}"
EndProject
Project("{2150E333-8FDC-42A3-9474-1A3956D46DE8}") = "Task7", "Task7", "{FC370C66-CFE9-4A55-8CFD-367E771BDC5E}"
EndProject
Project("{FAE04EC0-301F-11D3-BF4B-00C04F79EFBC}") = "Tyuiu.FrankK.Sprint0.Task7.V0", "Tyuiu.FrankK.Sprint0.Task7.V0\Tyuiu.FrankK.Sprint0.Task7.V0.csproj", "{5B77BD90-9227-4695-BDB6-181E48228FFE}"
EndProject
Project("{FAE04EC0-301F-11D3-BF4B-00C04F79EFBC}") = "Tyuiu.FrankK.Sprint0.Task7.V0.Test", "Tyuiu.FrankK.Sprint0.Task7.V0.Test\Tyuiu.FrankK.Sprint0.Task7.V0.Test.csproj", "{F9BA5136-C2FF-4819-8C55-5B48B11FC54E}"
EndProject
Project("{FAE04EC0-301F-11D3-BF4B-00C04F79EFBC}") = "Tyuiu.FrankK.Sprint0.Task7.V0.Lib", "Tyuiu.FrankK.Sprint0.Task7.V0.Lib\Tyuiu.FrankK.Sprint0.Task7.V0.Lib.csproj", "{8C33901F-3D0B-44D5-8738-2E4F8228E431}"
EndProject
Global
	GlobalSection(SolutionConfigurationPlatforms) = preSolution
		Debug|Any CPU = Debug|Any CPU
		Release|Any CPU = Release|Any CPU
	EndGlobalSection
	GlobalSection(ProjectConfigurationPlatforms) = postSolution
		{BF8ECADF-6DEE-44E7-BB40-204E0F4322F5}.Debug|Any CPU.ActiveCfg = Debug|Any CPU
		{BF8ECADF-6DEE-44E7-BB40-204E0F4322F5}.Debug|Any CPU.Build.0 = Debug|Any CPU
		{BF8ECADF-6DEE-44E7-BB40-204E0F4322F5}.Release|Any CPU.ActiveCfg = Release|Any CPU
		{BF8ECADF-6DEE-44E7-BB40-204E0F4322F5}.Release|Any CPU.Build.0 = Release|Any CPU
		{708E416A-CCA0-4238-8B6D-B89C757BA3B6}.Debug|Any CPU.ActiveCfg = Debug|Any CPU
		{708E416A-CCA0-4238-8B6D-B89C757BA3B6}.Debug|Any CPU.Build.0 = Debug|Any CPU
		{708E416A-CCA0-4238-8B6D-B89C757BA3B6}.Release|Any CPU.ActiveCfg = Release|Any CPU
		{708E416A-CCA0-4238-8B6D-B89C757BA3B6}.Release|Any CPU.Build.0 = Release|Any CPU
		{64BF136B-59BA-4AC9-9B30-615093BE0423}.Debug|Any CPU.ActiveCfg = Debug|Any CPU
		{64BF136B-59BA-4AC9-9B30-615093BE0423}.Debug|Any CPU.Build.0 = Debug|Any CPU
		{64BF136B-59BA-4AC9-9B30-615093BE0423}.Release|Any CPU.ActiveCfg = Release|Any CPU
		{64BF136B-59BA-4AC9-9B30-615093BE0423}.Release|Any CPU.Build.0 = Release|Any CPU
		{766CD05D-5FB9-4BA9-9F64-E929CF74F486}.Debug|Any CPU.ActiveCfg = Debug|Any CPU
		{766CD05D-5FB9-4BA9-9F64-E929CF74F486}.Debug|Any CPU.Build.0 = Debug|Any CPU
		{766CD05D-5FB9-4BA9-9F64-E929CF74F486}.Release|Any CPU.ActiveCfg = Release|Any CPU
		{766CD05D-5FB9-4BA9-9F64-E929CF74F486}.Release|Any CPU.Build.0 = Release|Any CPU
		{570EB093-6CAF-49D5-AAD8-60E7F69797E2}.Debug|Any CPU.ActiveCfg = Debug|Any CPU
		{570EB093-6CAF-49D5-AAD8-60E7F69797E2}.Debug|Any CPU.Build.0 = Debug|Any CPU
		{570EB093-6CAF-49D5-AAD8-60E7F69797E2}.Release|Any CPU.ActiveCfg = Release|Any CPU
		{570EB093-6CAF-49D5-AAD8-60E7F69797E2}.Release|Any CPU.Build.0 = Release|Any CPU
		{7B964DDC-3C96-4067-8452-F7A15D53C3C1}.Debug|Any CPU.ActiveCfg = Debug|Any CPU
		{7B964DDC-3C96-4067-8452-F7A15D53C3C1}.Debug|Any CPU.Build.0 = Debug|Any CPU
		{7B964DDC-3C96-4067-8452-F7A15D53C3C1}.Release|Any CPU.ActiveCfg = Release|Any CPU
		{7B964DDC-3C96-4067-8452-F7A15D53C3C1}.Release|Any CPU.Build.0 = Release|Any CPU
		{7F555850-F558-4775-80EF-128BD7BC6D5E}.Debug|Any CPU.ActiveCfg = Debug|Any CPU
		{7F555850-F558-4775-80EF-128BD7BC6D5E}.Debug|Any CPU.Build.0 = Debug|Any CPU
		{7F555850-F558-4775-80EF-128BD7BC6D5E}.Release|Any CPU.ActiveCfg = Release|Any CPU
		{7F555850-F558-4775-80EF-128BD7BC6D5E}.Release|Any CPU.Build.0 = Release|Any CPU
		{431F4340-2DBC-4BD6-8D44-FF7FD1A1F315}.Debug|Any CPU.ActiveCfg = Debug|Any CPU
		{431F4340-2DBC-4BD6-8D44-FF7FD1A1F315}.Debug|Any CPU.Build.0 = Debug|Any CPU
		{431F4340-2DBC-4BD6-8D44-FF7FD1A1F315}.Release|Any CPU.ActiveCfg = Release|Any CPU
		{431F4340-2DBC-4BD6-8D44-FF7FD1A1F315}.Release|Any CPU.Build.0 = Release|Any CPU
		{EA4D61CD-3104-4050-8A03-0B49E3031B22}.Debug|Any CPU.ActiveCfg = Debug|Any CPU
		{EA4D61CD-3104-4050-8A03-0B49E3031B22}.Debug|Any CPU.Build.0 = Debug|Any CPU
		{EA4D61CD-3104-4050-8A03-0B49E3031B22}.Release|Any CPU.ActiveCfg = Release|Any CPU
		{EA4D61CD-3104-4050-8A03-0B49E3031B22}.Release|Any CPU.Build.0 = Release|Any CPU
		{ED5ACB37-0E8F-42F8-A165-7CE424FEBD94}.Debug|Any CPU.ActiveCfg = Debug|Any CPU
		{ED5ACB37-0E8F-42F8-A165-7CE424FEBD94}.Debug|Any CPU.Build.0 = Debug|Any CPU
		{ED5ACB37-0E8F-42F8-A165-7CE424FEBD94}.Release|Any CPU.ActiveCfg = Release|Any CPU
		{ED5ACB37-0E8F-42F8-A165-7CE424FEBD94}.Release|Any CPU.Build.0 = Release|Any CPU
		{C6D22CA7-B136-47D4-8DD8-DAE5C247E9CE}.Debug|Any CPU.ActiveCfg = Debug|Any CPU
		{C6D22CA7-B136-47D4-8DD8-DAE5C247E9CE}.Debug|Any CPU.Build.0 = Debug|Any CPU
		{C6D22CA7-B136-47D4-8DD8-DAE5C247E9CE}.Release|Any CPU.ActiveCfg = Release|Any CPU
		{C6D22CA7-B136-47D4-8DD8-DAE5C247E9CE}.Release|Any CPU.Build.0 = Release|Any CPU
		{7FC81554-C424-4D09-B48F-FD3C56680E35}.Debug|Any CPU.ActiveCfg = Debug|Any CPU
		{7FC81554-C424-4D09-B48F-FD3C56680E35}.Debug|Any CPU.Build.0 = Debug|Any CPU
		{7FC81554-C424-4D09-B48F-FD3C56680E35}.Release|Any CPU.ActiveCfg = Release|Any CPU
		{7FC81554-C424-4D09-B48F-FD3C56680E35}.Release|Any CPU.Build.0 = Release|Any CPU
		{73AA9359-04DA-4470-86ED-5717949E77BF}.Debug|Any CPU.ActiveCfg = Debug|Any CPU
		{73AA9359-04DA-4470-86ED-5717949E77BF}.Debug|Any CPU.Build.0 = Debug|Any CPU
		{73AA9359-04DA-4470-86ED-5717949E77BF}.Release|Any CPU.ActiveCfg = Release|Any CPU
		{73AA9359-04DA-4470-86ED-5717949E77BF}.Release|Any CPU.Build.0 = Release|Any CPU
		{40655E29-7A5C-4458-B19E-67E9C25B395C}.Debug|Any CPU.ActiveCfg = Debug|Any CPU
		{40655E29-7A5C-4458-B19E-67E9C25B395C}.Debug|Any CPU.Build.0 = Debug|Any CPU
		{40655E29-7A5C-4458-B19E-67E9C25B395C}.Release|Any CPU.ActiveCfg = Release|Any CPU
		{40655E29-7A5C-4458-B19E-67E9C25B395C}.Release|Any CPU.Build.0 = Release|Any CPU
		{07628C05-6B54-4647-98A0-DEC3CA8368B2}.Debug|Any CPU.ActiveCfg = Debug|Any CPU
		{07628C05-6B54-4647-98A0-DEC3CA8368B2}.Debug|Any CPU.Build.0 = Debug|Any CPU
		{07628C05-6B54-4647-98A0-DEC3CA8368B2}.Release|Any CPU.ActiveCfg = Release|Any CPU
		{07628C05-6B54-4647-98A0-DEC3CA8368B2}.Release|Any CPU.Build.0 = Release|Any CPU
		{D56A000D-7FB5-414C-9389-EFD1ACDCFA93}.Debug|Any CPU.ActiveCfg = Debug|Any CPU
		{D56A000D-7FB5-414C-9389-EFD1ACDCFA93}.Debug|Any CPU.Build.0 = Debug|Any CPU
		{D56A000D-7FB5-414C-9389-EFD1ACDCFA93}.Release|Any CPU.ActiveCfg = Release|Any CPU
		{D56A000D-7FB5-414C-9389-EFD1ACDCFA93}.Release|Any CPU.Build.0 = Release|Any CPU
		{D307F0A3-92EC-4C12-A4A5-3757154BB795}.Debug|Any CPU.ActiveCfg = Debug|Any CPU
		{D307F0A3-92EC-4C12-A4A5-3757154BB795}.Debug|Any CPU.Build.0 = Debug|Any CPU
		{D307F0A3-92EC-4C12-A4A5-3757154BB795}.Release|Any CPU.ActiveCfg = Release|Any CPU
		{D307F0A3-92EC-4C12-A4A5-3757154BB795}.Release|Any CPU.Build.0 = Release|Any CPU
		{5B77BD90-9227-4695-BDB6-181E48228FFE}.Debug|Any CPU.ActiveCfg = Debug|Any CPU
		{5B77BD90-9227-4695-BDB6-181E48228FFE}.Debug|Any CPU.Build.0 = Debug|Any CPU
		{5B77BD90-9227-4695-BDB6-181E48228FFE}.Release|Any CPU.ActiveCfg = Release|Any CPU
		{5B77BD90-9227-4695-BDB6-181E48228FFE}.Release|Any CPU.Build.0 = Release|Any CPU
		{F9BA5136-C2FF-4819-8C55-5B48B11FC54E}.Debug|Any CPU.ActiveCfg = Debug|Any CPU
		{F9BA5136-C2FF-4819-8C55-5B48B11FC54E}.Debug|Any CPU.Build.0 = Debug|Any CPU
		{F9BA5136-C2FF-4819-8C55-5B48B11FC54E}.Release|Any CPU.ActiveCfg = Release|Any CPU
		{F9BA5136-C2FF-4819-8C55-5B48B11FC54E}.Release|Any CPU.Build.0 = Release|Any CPU
		{8C33901F-3D0B-44D5-8738-2E4F8228E431}.Debug|Any CPU.ActiveCfg = Debug|Any CPU
		{8C33901F-3D0B-44D5-8738-2E4F8228E431}.Debug|Any CPU.Build.0 = Debug|Any CPU
		{8C33901F-3D0B-44D5-8738-2E4F8228E431}.Release|Any CPU.ActiveCfg = Release|Any CPU
		{8C33901F-3D0B-44D5-8738-2E4F8228E431}.Release|Any CPU.Build.0 = Release|Any CPU
	EndGlobalSection
	GlobalSection(SolutionProperties) = preSolution
		HideSolutionNode = FALSE
	EndGlobalSection
	GlobalSection(NestedProjects) = preSolution
		{BF8ECADF-6DEE-44E7-BB40-204E0F4322F5} = {36D591C7-65C7-A0D1-1CBC-10CDE441BDC8}
		{708E416A-CCA0-4238-8B6D-B89C757BA3B6} = {C232F601-7AB9-4DD4-95E3-E7756C03EEC3}
		{64BF136B-59BA-4AC9-9B30-615093BE0423} = {B967F6B9-038F-4BB6-9012-5EFF0B356FCC}
		{766CD05D-5FB9-4BA9-9F64-E929CF74F486} = {B967F6B9-038F-4BB6-9012-5EFF0B356FCC}
		{570EB093-6CAF-49D5-AAD8-60E7F69797E2} = {B967F6B9-038F-4BB6-9012-5EFF0B356FCC}
		{7B964DDC-3C96-4067-8452-F7A15D53C3C1} = {1D3451A9-FF12-4ECF-8064-BAB78BBD0075}
		{7F555850-F558-4775-80EF-128BD7BC6D5E} = {1D3451A9-FF12-4ECF-8064-BAB78BBD0075}
		{431F4340-2DBC-4BD6-8D44-FF7FD1A1F315} = {1D3451A9-FF12-4ECF-8064-BAB78BBD0075}
		{EA4D61CD-3104-4050-8A03-0B49E3031B22} = {77D5123A-7DA9-4279-9AC5-4B5AAF07EAF1}
		{ED5ACB37-0E8F-42F8-A165-7CE424FEBD94} = {77D5123A-7DA9-4279-9AC5-4B5AAF07EAF1}
		{C6D22CA7-B136-47D4-8DD8-DAE5C247E9CE} = {77D5123A-7DA9-4279-9AC5-4B5AAF07EAF1}
		{7FC81554-C424-4D09-B48F-FD3C56680E35} = {0E23C7E9-A5FA-4084-B95D-0EE30AD1886D}
		{73AA9359-04DA-4470-86ED-5717949E77BF} = {0E23C7E9-A5FA-4084-B95D-0EE30AD1886D}
		{40655E29-7A5C-4458-B19E-67E9C25B395C} = {0E23C7E9-A5FA-4084-B95D-0EE30AD1886D}
		{07628C05-6B54-4647-98A0-DEC3CA8368B2} = {EDB9473D-E5BA-40B3-AA73-DBF584F3A53F}
		{D56A000D-7FB5-414C-9389-EFD1ACDCFA93} = {EDB9473D-E5BA-40B3-AA73-DBF584F3A53F}
		{D307F0A3-92EC-4C12-A4A5-3757154BB795} = {EDB9473D-E5BA-40B3-AA73-DBF584F3A53F}
		{5B77BD90-9227-4695-BDB6-181E48228FFE} = {FC370C66-CFE9-4A55-8CFD-367E771BDC5E}
		{F9BA5136-C2FF-4819-8C55-5B48B11FC54E} = {FC370C66-CFE9-4A55-8CFD-367E771BDC5E}
		{8C33901F-3D0B-44D5-8738-2E4F8228E431} = {FC370C66-CFE9-4A55-8CFD-367E771BDC5E}
	EndGlobalSection
	GlobalSection(ExtensibilityGlobals) = postSolution
		SolutionGuid = {FBDE97DC-72E7-4C31-A45F-2F83F71B57D6}
	EndGlobalSection
EndGlobal
